
Microsoft Visual Studio Solution File, Format Version 12.00
# Visual Studio 15
VisualStudioVersion = 15.0.28307.705
MinimumVisualStudioVersion = 10.0.40219.1
Project("{FAE04EC0-301F-11D3-BF4B-00C04F79EFBC}") = "MG.Logs.Extensoes", "src\MG.Logs.Extensoes\MG.Logs.Extensoes.csproj", "{FD969007-2F4F-48E4-8AD5-E2BD24BDADD1}"
EndProject
Project("{FAE04EC0-301F-11D3-BF4B-00C04F79EFBC}") = "MG.Logs.Interfaces", "src\MG.Logs.Interfaces\MG.Logs.Interfaces.csproj", "{7AACD42A-B004-4CCB-BC16-D49CFABCDB76}"
EndProject
Project("{FAE04EC0-301F-11D3-BF4B-00C04F79EFBC}") = "MG.Logs.Logs", "src\MG.Logs.Logs\MG.Logs.Logs.csproj", "{D95F5E4B-C692-4861-BB4C-093C0E2B5FAF}"
EndProject
Global
	GlobalSection(SolutionConfigurationPlatforms) = preSolution
		Debug|Any CPU = Debug|Any CPU
		Release|Any CPU = Release|Any CPU
	EndGlobalSection
	GlobalSection(ProjectConfigurationPlatforms) = postSolution
		{FD969007-2F4F-48E4-8AD5-E2BD24BDADD1}.Debug|Any CPU.ActiveCfg = Debug|Any CPU
		{FD969007-2F4F-48E4-8AD5-E2BD24BDADD1}.Debug|Any CPU.Build.0 = Debug|Any CPU
		{FD969007-2F4F-48E4-8AD5-E2BD24BDADD1}.Release|Any CPU.ActiveCfg = Release|Any CPU
		{FD969007-2F4F-48E4-8AD5-E2BD24BDADD1}.Release|Any CPU.Build.0 = Release|Any CPU
		{7AACD42A-B004-4CCB-BC16-D49CFABCDB76}.Debug|Any CPU.ActiveCfg = Debug|Any CPU
		{7AACD42A-B004-4CCB-BC16-D49CFABCDB76}.Debug|Any CPU.Build.0 = Debug|Any CPU
		{7AACD42A-B004-4CCB-BC16-D49CFABCDB76}.Release|Any CPU.ActiveCfg = Release|Any CPU
		{7AACD42A-B004-4CCB-BC16-D49CFABCDB76}.Release|Any CPU.Build.0 = Release|Any CPU
		{D95F5E4B-C692-4861-BB4C-093C0E2B5FAF}.Debug|Any CPU.ActiveCfg = Debug|Any CPU
		{D95F5E4B-C692-4861-BB4C-093C0E2B5FAF}.Debug|Any CPU.Build.0 = Debug|Any CPU
		{D95F5E4B-C692-4861-BB4C-093C0E2B5FAF}.Release|Any CPU.ActiveCfg = Release|Any CPU
		{D95F5E4B-C692-4861-BB4C-093C0E2B5FAF}.Release|Any CPU.Build.0 = Release|Any CPU
	EndGlobalSection
	GlobalSection(SolutionProperties) = preSolution
		HideSolutionNode = FALSE
	EndGlobalSection
	GlobalSection(ExtensibilityGlobals) = postSolution
		SolutionGuid = {B19C834A-CB2B-401F-8225-5BC5D3627DC8}
	EndGlobalSection
EndGlobal
